// !$*UTF8*$!
{
	archiveVersion = 1;
	classes = {
	};
	objectVersion = 46;
	objects = {

/* Begin PBXBuildFile section */
		46B77BC31CCD6DB200784AD4 /* AppDelegate.swift in Sources */ = {isa = PBXBuildFile; fileRef = 46B77BC21CCD6DB200784AD4 /* AppDelegate.swift */; };
		46B77BC51CCD6DB200784AD4 /* ViewController.swift in Sources */ = {isa = PBXBuildFile; fileRef = 46B77BC41CCD6DB200784AD4 /* ViewController.swift */; };
		46B77BC81CCD6DB200784AD4 /* Main.storyboard in Resources */ = {isa = PBXBuildFile; fileRef = 46B77BC61CCD6DB200784AD4 /* Main.storyboard */; };
		46B77BCA1CCD6DB200784AD4 /* Assets.xcassets in Resources */ = {isa = PBXBuildFile; fileRef = 46B77BC91CCD6DB200784AD4 /* Assets.xcassets */; };
		46B77BCD1CCD6DB200784AD4 /* LaunchScreen.storyboard in Resources */ = {isa = PBXBuildFile; fileRef = 46B77BCB1CCD6DB200784AD4 /* LaunchScreen.storyboard */; };
		46B77BD81CCD6DB200784AD4 /* CalcLestialTests.swift in Sources */ = {isa = PBXBuildFile; fileRef = 46B77BD71CCD6DB200784AD4 /* CalcLestialTests.swift */; };
		46B77BE31CCD6DB200784AD4 /* CalcLestialUITests.swift in Sources */ = {isa = PBXBuildFile; fileRef = 46B77BE21CCD6DB200784AD4 /* CalcLestialUITests.swift */; };
		46B77BF61CCD7B5700784AD4 /* btn.wav in Resources */ = {isa = PBXBuildFile; fileRef = 46B77BF51CCD7B5700784AD4 /* btn.wav */; };
		46B77BFD1CCD7CD600784AD4 /* Minecraft.ttf in Resources */ = {isa = PBXBuildFile; fileRef = 46B77BFC1CCD7CD600784AD4 /* Minecraft.ttf */; };
/* End PBXBuildFile section */

/* Begin PBXContainerItemProxy section */
		46B77BD41CCD6DB200784AD4 /* PBXContainerItemProxy */ = {
			isa = PBXContainerItemProxy;
			containerPortal = 46B77BB71CCD6DB200784AD4 /* Project object */;
			proxyType = 1;
			remoteGlobalIDString = 46B77BBE1CCD6DB200784AD4;
			remoteInfo = CalcLestial;
		};
		46B77BDF1CCD6DB200784AD4 /* PBXContainerItemProxy */ = {
			isa = PBXContainerItemProxy;
			containerPortal = 46B77BB71CCD6DB200784AD4 /* Project object */;
			proxyType = 1;
			remoteGlobalIDString = 46B77BBE1CCD6DB200784AD4;
			remoteInfo = CalcLestial;
		};
/* End PBXContainerItemProxy section */

/* Begin PBXFileReference section */
		46B77BBF1CCD6DB200784AD4 /* CalcLestial.app */ = {isa = PBXFileReference; explicitFileType = wrapper.application; includeInIndex = 0; path = CalcLestial.app; sourceTree = BUILT_PRODUCTS_DIR; };
		46B77BC21CCD6DB200784AD4 /* AppDelegate.swift */ = {isa = PBXFileReference; lastKnownFileType = sourcecode.swift; path = AppDelegate.swift; sourceTree = "<group>"; };
		46B77BC41CCD6DB200784AD4 /* ViewController.swift */ = {isa = PBXFileReference; lastKnownFileType = sourcecode.swift; path = ViewController.swift; sourceTree = "<group>"; };
		46B77BC71CCD6DB200784AD4 /* Base */ = {isa = PBXFileReference; lastKnownFileType = file.storyboard; name = Base; path = Base.lproj/Main.storyboard; sourceTree = "<group>"; };
		46B77BC91CCD6DB200784AD4 /* Assets.xcassets */ = {isa = PBXFileReference; lastKnownFileType = folder.assetcatalog; path = Assets.xcassets; sourceTree = "<group>"; };
		46B77BCC1CCD6DB200784AD4 /* Base */ = {isa = PBXFileReference; lastKnownFileType = file.storyboard; name = Base; path = Base.lproj/LaunchScreen.storyboard; sourceTree = "<group>"; };
		46B77BCE1CCD6DB200784AD4 /* Info.plist */ = {isa = PBXFileReference; lastKnownFileType = text.plist.xml; path = Info.plist; sourceTree = "<group>"; };
		46B77BD31CCD6DB200784AD4 /* CalcLestialTests.xctest */ = {isa = PBXFileReference; explicitFileType = wrapper.cfbundle; includeInIndex = 0; path = CalcLestialTests.xctest; sourceTree = BUILT_PRODUCTS_DIR; };
		46B77BD71CCD6DB200784AD4 /* CalcLestialTests.swift */ = {isa = PBXFileReference; lastKnownFileType = sourcecode.swift; path = CalcLestialTests.swift; sourceTree = "<group>"; };
		46B77BD91CCD6DB200784AD4 /* Info.plist */ = {isa = PBXFileReference; lastKnownFileType = text.plist.xml; path = Info.plist; sourceTree = "<group>"; };
		46B77BDE1CCD6DB200784AD4 /* CalcLestialUITests.xctest */ = {isa = PBXFileReference; explicitFileType = wrapper.cfbundle; includeInIndex = 0; path = CalcLestialUITests.xctest; sourceTree = BUILT_PRODUCTS_DIR; };
		46B77BE21CCD6DB200784AD4 /* CalcLestialUITests.swift */ = {isa = PBXFileReference; lastKnownFileType = sourcecode.swift; path = CalcLestialUITests.swift; sourceTree = "<group>"; };
		46B77BE41CCD6DB200784AD4 /* Info.plist */ = {isa = PBXFileReference; lastKnownFileType = text.plist.xml; path = Info.plist; sourceTree = "<group>"; };
		46B77BF51CCD7B5700784AD4 /* btn.wav */ = {isa = PBXFileReference; lastKnownFileType = audio.wav; path = btn.wav; sourceTree = "<group>"; };
		46B77BFC1CCD7CD600784AD4 /* Minecraft.ttf */ = {isa = PBXFileReference; lastKnownFileType = file; path = Minecraft.ttf; sourceTree = "<group>"; };
/* End PBXFileReference section */

/* Begin PBXFrameworksBuildPhase section */
		46B77BBC1CCD6DB200784AD4 /* Frameworks */ = {
			isa = PBXFrameworksBuildPhase;
			buildActionMask = 2147483647;
			files = (
			);
			runOnlyForDeploymentPostprocessing = 0;
		};
		46B77BD01CCD6DB200784AD4 /* Frameworks */ = {
			isa = PBXFrameworksBuildPhase;
			buildActionMask = 2147483647;
			files = (
			);
			runOnlyForDeploymentPostprocessing = 0;
		};
		46B77BDB1CCD6DB200784AD4 /* Frameworks */ = {
			isa = PBXFrameworksBuildPhase;
			buildActionMask = 2147483647;
			files = (
			);
			runOnlyForDeploymentPostprocessing = 0;
		};
/* End PBXFrameworksBuildPhase section */

/* Begin PBXGroup section */
		46B77BB61CCD6DB200784AD4 = {
			isa = PBXGroup;
			children = (
				46B77BC11CCD6DB200784AD4 /* CalcLestial */,
				46B77BD61CCD6DB200784AD4 /* CalcLestialTests */,
				46B77BE11CCD6DB200784AD4 /* CalcLestialUITests */,
				46B77BC01CCD6DB200784AD4 /* Products */,
			);
			sourceTree = "<group>";
		};
		46B77BC01CCD6DB200784AD4 /* Products */ = {
			isa = PBXGroup;
			children = (
				46B77BBF1CCD6DB200784AD4 /* CalcLestial.app */,
				46B77BD31CCD6DB200784AD4 /* CalcLestialTests.xctest */,
				46B77BDE1CCD6DB200784AD4 /* CalcLestialUITests.xctest */,
			);
			name = Products;
			sourceTree = "<group>";
		};
		46B77BC11CCD6DB200784AD4 /* CalcLestial */ = {
			isa = PBXGroup;
			children = (
				46B77BFC1CCD7CD600784AD4 /* Minecraft.ttf */,
				46B77BF51CCD7B5700784AD4 /* btn.wav */,
				46B77BC21CCD6DB200784AD4 /* AppDelegate.swift */,
				46B77BC41CCD6DB200784AD4 /* ViewController.swift */,
				46B77BC61CCD6DB200784AD4 /* Main.storyboard */,
				46B77BC91CCD6DB200784AD4 /* Assets.xcassets */,
				46B77BCB1CCD6DB200784AD4 /* LaunchScreen.storyboard */,
				46B77BCE1CCD6DB200784AD4 /* Info.plist */,
			);
			path = CalcLestial;
			sourceTree = "<group>";
		};
		46B77BD61CCD6DB200784AD4 /* CalcLestialTests */ = {
			isa = PBXGroup;
			children = (
				46B77BD71CCD6DB200784AD4 /* CalcLestialTests.swift */,
				46B77BD91CCD6DB200784AD4 /* Info.plist */,
			);
			path = CalcLestialTests;
			sourceTree = "<group>";
		};
		46B77BE11CCD6DB200784AD4 /* CalcLestialUITests */ = {
			isa = PBXGroup;
			children = (
				46B77BE21CCD6DB200784AD4 /* CalcLestialUITests.swift */,
				46B77BE41CCD6DB200784AD4 /* Info.plist */,
			);
			path = CalcLestialUITests;
			sourceTree = "<group>";
		};
/* End PBXGroup section */

/* Begin PBXNativeTarget section */
		46B77BBE1CCD6DB200784AD4 /* CalcLestial */ = {
			isa = PBXNativeTarget;
			buildConfigurationList = 46B77BE71CCD6DB200784AD4 /* Build configuration list for PBXNativeTarget "CalcLestial" */;
			buildPhases = (
				46B77BBB1CCD6DB200784AD4 /* Sources */,
				46B77BBC1CCD6DB200784AD4 /* Frameworks */,
				46B77BBD1CCD6DB200784AD4 /* Resources */,
			);
			buildRules = (
			);
			dependencies = (
			);
			name = CalcLestial;
			productName = CalcLestial;
			productReference = 46B77BBF1CCD6DB200784AD4 /* CalcLestial.app */;
			productType = "com.apple.product-type.application";
		};
		46B77BD21CCD6DB200784AD4 /* CalcLestialTests */ = {
			isa = PBXNativeTarget;
			buildConfigurationList = 46B77BEA1CCD6DB300784AD4 /* Build configuration list for PBXNativeTarget "CalcLestialTests" */;
			buildPhases = (
				46B77BCF1CCD6DB200784AD4 /* Sources */,
				46B77BD01CCD6DB200784AD4 /* Frameworks */,
				46B77BD11CCD6DB200784AD4 /* Resources */,
			);
			buildRules = (
			);
			dependencies = (
				46B77BD51CCD6DB200784AD4 /* PBXTargetDependency */,
			);
			name = CalcLestialTests;
			productName = CalcLestialTests;
			productReference = 46B77BD31CCD6DB200784AD4 /* CalcLestialTests.xctest */;
			productType = "com.apple.product-type.bundle.unit-test";
		};
		46B77BDD1CCD6DB200784AD4 /* CalcLestialUITests */ = {
			isa = PBXNativeTarget;
			buildConfigurationList = 46B77BED1CCD6DB300784AD4 /* Build configuration list for PBXNativeTarget "CalcLestialUITests" */;
			buildPhases = (
				46B77BDA1CCD6DB200784AD4 /* Sources */,
				46B77BDB1CCD6DB200784AD4 /* Frameworks */,
				46B77BDC1CCD6DB200784AD4 /* Resources */,
			);
			buildRules = (
			);
			dependencies = (
				46B77BE01CCD6DB200784AD4 /* PBXTargetDependency */,
			);
			name = CalcLestialUITests;
			productName = CalcLestialUITests;
			productReference = 46B77BDE1CCD6DB200784AD4 /* CalcLestialUITests.xctest */;
			productType = "com.apple.product-type.bundle.ui-testing";
		};
/* End PBXNativeTarget section */

/* Begin PBXProject section */
		46B77BB71CCD6DB200784AD4 /* Project object */ = {
			isa = PBXProject;
			attributes = {
				LastSwiftUpdateCheck = 0720;
				LastUpgradeCheck = 0720;
				ORGANIZATIONNAME = "Tung Ly";
				TargetAttributes = {
					46B77BBE1CCD6DB200784AD4 = {
						CreatedOnToolsVersion = 7.2;
					};
					46B77BD21CCD6DB200784AD4 = {
						CreatedOnToolsVersion = 7.2;
						TestTargetID = 46B77BBE1CCD6DB200784AD4;
					};
					46B77BDD1CCD6DB200784AD4 = {
						CreatedOnToolsVersion = 7.2;
						TestTargetID = 46B77BBE1CCD6DB200784AD4;
					};
				};
			};
			buildConfigurationList = 46B77BBA1CCD6DB200784AD4 /* Build configuration list for PBXProject "CalcLestial" */;
			compatibilityVersion = "Xcode 3.2";
			developmentRegion = English;
			hasScannedForEncodings = 0;
			knownRegions = (
				en,
				Base,
			);
			mainGroup = 46B77BB61CCD6DB200784AD4;
			productRefGroup = 46B77BC01CCD6DB200784AD4 /* Products */;
			projectDirPath = "";
			projectRoot = "";
			targets = (
				46B77BBE1CCD6DB200784AD4 /* CalcLestial */,
				46B77BD21CCD6DB200784AD4 /* CalcLestialTests */,
				46B77BDD1CCD6DB200784AD4 /* CalcLestialUITests */,
			);
		};
/* End PBXProject section */

/* Begin PBXResourcesBuildPhase section */
		46B77BBD1CCD6DB200784AD4 /* Resources */ = {
			isa = PBXResourcesBuildPhase;
			buildActionMask = 2147483647;
			files = (
				46B77BCD1CCD6DB200784AD4 /* LaunchScreen.storyboard in Resources */,
				46B77BCA1CCD6DB200784AD4 /* Assets.xcassets in Resources */,
				46B77BFD1CCD7CD600784AD4 /* Minecraft.ttf in Resources */,
				46B77BC81CCD6DB200784AD4 /* Main.storyboard in Resources */,
				46B77BF61CCD7B5700784AD4 /* btn.wav in Resources */,
			);
			runOnlyForDeploymentPostprocessing = 0;
		};
		46B77BD11CCD6DB200784AD4 /* Resources */ = {
			isa = PBXResourcesBuildPhase;
			buildActionMask = 2147483647;
			files = (
			);
			runOnlyForDeploymentPostprocessing = 0;
		};
		46B77BDC1CCD6DB200784AD4 /* Resources */ = {
			isa = PBXResourcesBuildPhase;
			buildActionMask = 2147483647;
			files = (
			);
			runOnlyForDeploymentPostprocessing = 0;
		};
/* End PBXResourcesBuildPhase section */

/* Begin PBXSourcesBuildPhase section */
		46B77BBB1CCD6DB200784AD4 /* Sources */ = {
			isa = PBXSourcesBuildPhase;
			buildActionMask = 2147483647;
			files = (
				46B77BC51CCD6DB200784AD4 /* ViewController.swift in Sources */,
				46B77BC31CCD6DB200784AD4 /* AppDelegate.swift in Sources */,
			);
			runOnlyForDeploymentPostprocessing = 0;
		};
		46B77BCF1CCD6DB200784AD4 /* Sources */ = {
			isa = PBXSourcesBuildPhase;
			buildActionMask = 2147483647;
			files = (
				46B77BD81CCD6DB200784AD4 /* CalcLestialTests.swift in Sources */,
			);
			runOnlyForDeploymentPostprocessing = 0;
		};
		46B77BDA1CCD6DB200784AD4 /* Sources */ = {
			isa = PBXSourcesBuildPhase;
			buildActionMask = 2147483647;
			files = (
				46B77BE31CCD6DB200784AD4 /* CalcLestialUITests.swift in Sources */,
			);
			runOnlyForDeploymentPostprocessing = 0;
		};
/* End PBXSourcesBuildPhase section */

/* Begin PBXTargetDependency section */
		46B77BD51CCD6DB200784AD4 /* PBXTargetDependency */ = {
			isa = PBXTargetDependency;
			target = 46B77BBE1CCD6DB200784AD4 /* CalcLestial */;
			targetProxy = 46B77BD41CCD6DB200784AD4 /* PBXContainerItemProxy */;
		};
		46B77BE01CCD6DB200784AD4 /* PBXTargetDependency */ = {
			isa = PBXTargetDependency;
			target = 46B77BBE1CCD6DB200784AD4 /* CalcLestial */;
			targetProxy = 46B77BDF1CCD6DB200784AD4 /* PBXContainerItemProxy */;
		};
/* End PBXTargetDependency section */

/* Begin PBXVariantGroup section */
		46B77BC61CCD6DB200784AD4 /* Main.storyboard */ = {
			isa = PBXVariantGroup;
			children = (
				46B77BC71CCD6DB200784AD4 /* Base */,
			);
			name = Main.storyboard;
			sourceTree = "<group>";
		};
		46B77BCB1CCD6DB200784AD4 /* LaunchScreen.storyboard */ = {
			isa = PBXVariantGroup;
			children = (
				46B77BCC1CCD6DB200784AD4 /* Base */,
			);
			name = LaunchScreen.storyboard;
			sourceTree = "<group>";
		};
/* End PBXVariantGroup section */

/* Begin XCBuildConfiguration section */
		46B77BE51CCD6DB200784AD4 /* Debug */ = {
			isa = XCBuildConfiguration;
			buildSettings = {
				ALWAYS_SEARCH_USER_PATHS = NO;
				CLANG_CXX_LANGUAGE_STANDARD = "gnu++0x";
				CLANG_CXX_LIBRARY = "libc++";
				CLANG_ENABLE_MODULES = YES;
				CLANG_ENABLE_OBJC_ARC = YES;
				CLANG_WARN_BOOL_CONVERSION = YES;
				CLANG_WARN_CONSTANT_CONVERSION = YES;
				CLANG_WARN_DIRECT_OBJC_ISA_USAGE = YES_ERROR;
				CLANG_WARN_EMPTY_BODY = YES;
				CLANG_WARN_ENUM_CONVERSION = YES;
				CLANG_WARN_INT_CONVERSION = YES;
				CLANG_WARN_OBJC_ROOT_CLASS = YES_ERROR;
				CLANG_WARN_UNREACHABLE_CODE = YES;
				CLANG_WARN__DUPLICATE_METHOD_MATCH = YES;
				"CODE_SIGN_IDENTITY[sdk=iphoneos*]" = "iPhone Developer";
				COPY_PHASE_STRIP = NO;
				DEBUG_INFORMATION_FORMAT = dwarf;
				ENABLE_STRICT_OBJC_MSGSEND = YES;
				ENABLE_TESTABILITY = YES;
				GCC_C_LANGUAGE_STANDARD = gnu99;
				GCC_DYNAMIC_NO_PIC = NO;
				GCC_NO_COMMON_BLOCKS = YES;
				GCC_OPTIMIZATION_LEVEL = 0;
				GCC_PREPROCESSOR_DEFINITIONS = (
					"DEBUG=1",
					"$(inherited)",
				);
				GCC_WARN_64_TO_32_BIT_CONVERSION = YES;
				GCC_WARN_ABOUT_RETURN_TYPE = YES_ERROR;
				GCC_WARN_UNDECLARED_SELECTOR = YES;
				GCC_WARN_UNINITIALIZED_AUTOS = YES_AGGRESSIVE;
				GCC_WARN_UNUSED_FUNCTION = YES;
				GCC_WARN_UNUSED_VARIABLE = YES;
				IPHONEOS_DEPLOYMENT_TARGET = 9.2;
				MTL_ENABLE_DEBUG_INFO = YES;
				ONLY_ACTIVE_ARCH = YES;
				SDKROOT = iphoneos;
				SWIFT_OPTIMIZATION_LEVEL = "-Onone";
				TARGETED_DEVICE_FAMILY = "1,2";
			};
			name = Debug;
		};
		46B77BE61CCD6DB200784AD4 /* Release */ = {
			isa = XCBuildConfiguration;
			buildSettings = {
				ALWAYS_SEARCH_USER_PATHS = NO;
				CLANG_CXX_LANGUAGE_STANDARD = "gnu++0x";
				CLANG_CXX_LIBRARY = "libc++";
				CLANG_ENABLE_MODULES = YES;
				CLANG_ENABLE_OBJC_ARC = YES;
				CLANG_WARN_BOOL_CONVERSION = YES;
				CLANG_WARN_CONSTANT_CONVERSION = YES;
				CLANG_WARN_DIRECT_OBJC_ISA_USAGE = YES_ERROR;
				CLANG_WARN_EMPTY_BODY = YES;
				CLANG_WARN_ENUM_CONVERSION = YES;
				CLANG_WARN_INT_CONVERSION = YES;
				CLANG_WARN_OBJC_ROOT_CLASS = YES_ERROR;
				CLANG_WARN_UNREACHABLE_CODE = YES;
				CLANG_WARN__DUPLICATE_METHOD_MATCH = YES;
				"CODE_SIGN_IDENTITY[sdk=iphoneos*]" = "iPhone Developer";
				COPY_PHASE_STRIP = NO;
				DEBUG_INFORMATION_FORMAT = "dwarf-with-dsym";
				ENABLE_NS_ASSERTIONS = NO;
				ENABLE_STRICT_OBJC_MSGSEND = YES;
				GCC_C_LANGUAGE_STANDARD = gnu99;
				GCC_NO_COMMON_BLOCKS = YES;
				GCC_WARN_64_TO_32_BIT_CONVERSION = YES;
				GCC_WARN_ABOUT_RETURN_TYPE = YES_ERROR;
				GCC_WARN_UNDECLARED_SELECTOR = YES;
				GCC_WARN_UNINITIALIZED_AUTOS = YES_AGGRESSIVE;
				GCC_WARN_UNUSED_FUNCTION = YES;
				GCC_WARN_UNUSED_VARIABLE = YES;
				IPHONEOS_DEPLOYMENT_TARGET = 9.2;
				MTL_ENABLE_DEBUG_INFO = NO;
				SDKROOT = iphoneos;
				TARGETED_DEVICE_FAMILY = "1,2";
				VALIDATE_PRODUCT = YES;
			};
			name = Release;
		};
		46B77BE81CCD6DB200784AD4 /* Debug */ = {
			isa = XCBuildConfiguration;
			buildSettings = {
				ASSETCATALOG_COMPILER_APPICON_NAME = AppIcon;
				ASSETCATALOG_COMPILER_LAUNCHIMAGE_NAME = "Brand Assets";
				CODE_SIGN_IDENTITY = "iPhone Developer";
				"CODE_SIGN_IDENTITY[sdk=iphoneos*]" = "iPhone Developer";
				INFOPLIST_FILE = CalcLestial/Info.plist;
				IPHONEOS_DEPLOYMENT_TARGET = 9.2;
				LD_RUNPATH_SEARCH_PATHS = "$(inherited) @executable_path/Frameworks";
				PRODUCT_BUNDLE_IDENTIFIER = com.TungLy.CalcLestial2016;
				PRODUCT_NAME = "$(TARGET_NAME)";
				PROVISIONING_PROFILE = "";
				SWIFT_VERSION = 2.3;
			};
			name = Debug;
		};
		46B77BE91CCD6DB200784AD4 /* Release */ = {
			isa = XCBuildConfiguration;
			buildSettings = {
				ASSETCATALOG_COMPILER_APPICON_NAME = AppIcon;
				ASSETCATALOG_COMPILER_LAUNCHIMAGE_NAME = "Brand Assets";
				CODE_SIGN_IDENTITY = "iPhone Developer";
				"CODE_SIGN_IDENTITY[sdk=iphoneos*]" = "iPhone Developer";
				INFOPLIST_FILE = CalcLestial/Info.plist;
				IPHONEOS_DEPLOYMENT_TARGET = 9.2;
				LD_RUNPATH_SEARCH_PATHS = "$(inherited) @executable_path/Frameworks";
				PRODUCT_BUNDLE_IDENTIFIER = com.TungLy.CalcLestial2016;
				PRODUCT_NAME = "$(TARGET_NAME)";
				PROVISIONING_PROFILE = "";
				SWIFT_VERSION = 2.3;
			};
			name = Release;
		};
		46B77BEB1CCD6DB300784AD4 /* Debug */ = {
			isa = XCBuildConfiguration;
			buildSettings = {
				BUNDLE_LOADER = "$(TEST_HOST)";
				INFOPLIST_FILE = CalcLestialTests/Info.plist;
				LD_RUNPATH_SEARCH_PATHS = "$(inherited) @executable_path/Frameworks @loader_path/Frameworks";
				PRODUCT_BUNDLE_IDENTIFIER = com.tungly.CalcLestialTests;
				PRODUCT_NAME = "$(TARGET_NAME)";
				TEST_HOST = "$(BUILT_PRODUCTS_DIR)/CalcLestial.app/CalcLestial";
			};
			name = Debug;
		};
		46B77BEC1CCD6DB300784AD4 /* Release */ = {
			isa = XCBuildConfiguration;
			buildSettings = {
				BUNDLE_LOADER = "$(TEST_HOST)";
				INFOPLIST_FILE = CalcLestialTests/Info.plist;
				LD_RUNPATH_SEARCH_PATHS = "$(inherited) @executable_path/Frameworks @loader_path/Frameworks";
				PRODUCT_BUNDLE_IDENTIFIER = com.tungly.CalcLestialTests;
				PRODUCT_NAME = "$(TARGET_NAME)";
				TEST_HOST = "$(BUILT_PRODUCTS_DIR)/CalcLestial.app/CalcLestial";
			};
			name = Release;
		};
		46B77BEE1CCD6DB300784AD4 /* Debug */ = {
			isa = XCBuildConfiguration;
			buildSettings = {
				INFOPLIST_FILE = CalcLestialUITests/Info.plist;
				LD_RUNPATH_SEARCH_PATHS = "$(inherited) @executable_path/Frameworks @loader_path/Frameworks";
				PRODUCT_BUNDLE_IDENTIFIER = com.tungly.CalcLestialUITests;
				PRODUCT_NAME = "$(TARGET_NAME)";
				TEST_TARGET_NAME = CalcLestial;
				USES_XCTRUNNER = YES;
			};
			name = Debug;
		};
		46B77BEF1CCD6DB300784AD4 /* Release */ = {
			isa = XCBuildConfiguration;
			buildSettings = {
				INFOPLIST_FILE = CalcLestialUITests/Info.plist;
				LD_RUNPATH_SEARCH_PATHS = "$(inherited) @executable_path/Frameworks @loader_path/Frameworks";
				PRODUCT_BUNDLE_IDENTIFIER = com.tungly.CalcLestialUITests;
				PRODUCT_NAME = "$(TARGET_NAME)";
				TEST_TARGET_NAME = CalcLestial;
				USES_XCTRUNNER = YES;
			};
			name = Release;
		};
/* End XCBuildConfiguration section */

/* Begin XCConfigurationList section */
		46B77BBA1CCD6DB200784AD4 /* Build configuration list for PBXProject "CalcLestial" */ = {
			isa = XCConfigurationList;
			buildConfigurations = (
				46B77BE51CCD6DB200784AD4 /* Debug */,
				46B77BE61CCD6DB200784AD4 /* Release */,
			);
			defaultConfigurationIsVisible = 0;
			defaultConfigurationName = Release;
		};
		46B77BE71CCD6DB200784AD4 /* Build configuration list for PBXNativeTarget "CalcLestial" */ = {
			isa = XCConfigurationList;
			buildConfigurations = (
				46B77BE81CCD6DB200784AD4 /* Debug */,
				46B77BE91CCD6DB200784AD4 /* Release */,
			);
			defaultConfigurationIsVisible = 0;
			defaultConfigurationName = Release;
		};
		46B77BEA1CCD6DB300784AD4 /* Build configuration list for PBXNativeTarget "CalcLestialTests" */ = {
			isa = XCConfigurationList;
			buildConfigurations = (
				46B77BEB1CCD6DB300784AD4 /* Debug */,
				46B77BEC1CCD6DB300784AD4 /* Release */,
			);
			defaultConfigurationIsVisible = 0;
			defaultConfigurationName = Release;
		};
		46B77BED1CCD6DB300784AD4 /* Build configuration list for PBXNativeTarget "CalcLestialUITests" */ = {
			isa = XCConfigurationList;
			buildConfigurations = (
				46B77BEE1CCD6DB300784AD4 /* Debug */,
				46B77BEF1CCD6DB300784AD4 /* Release */,
			);
			defaultConfigurationIsVisible = 0;
			defaultConfigurationName = Release;
		};
/* End XCConfigurationList section */
	};
	rootObject = 46B77BB71CCD6DB200784AD4 /* Project object */;
}
